
Microsoft Visual Studio Solution File, Format Version 12.00
# Visual Studio 15
VisualStudioVersion = 15.0.28307.421
MinimumVisualStudioVersion = 10.0.40219.1
Project("{FAE04EC0-301F-11D3-BF4B-00C04F79EFBC}") = "UnitTestBilletSystem", "UnitTestBilletSystem\UnitTestBilletSystem.csproj", "{88D72398-7C6F-472F-85E7-E8152B2C30B6}"
EndProject
Project("{FAE04EC0-301F-11D3-BF4B-00C04F79EFBC}") = "BilletLibrary", "BilletLibrary\BilletLibrary.csproj", "{21A27B21-97D1-45B3-A5B8-B813A7064F99}"
EndProject
Global
	GlobalSection(SolutionConfigurationPlatforms) = preSolution
		Debug|Any CPU = Debug|Any CPU
		Debug|ARM = Debug|ARM
		Debug|ARM64 = Debug|ARM64
		Debug|x64 = Debug|x64
		Debug|x86 = Debug|x86
		Release|Any CPU = Release|Any CPU
		Release|ARM = Release|ARM
		Release|ARM64 = Release|ARM64
		Release|x64 = Release|x64
		Release|x86 = Release|x86
	EndGlobalSection
	GlobalSection(ProjectConfigurationPlatforms) = postSolution
		{88D72398-7C6F-472F-85E7-E8152B2C30B6}.Debug|Any CPU.ActiveCfg = Debug|Any CPU
		{88D72398-7C6F-472F-85E7-E8152B2C30B6}.Debug|Any CPU.Build.0 = Debug|Any CPU
		{88D72398-7C6F-472F-85E7-E8152B2C30B6}.Debug|ARM.ActiveCfg = Debug|Any CPU
		{88D72398-7C6F-472F-85E7-E8152B2C30B6}.Debug|ARM.Build.0 = Debug|Any CPU
		{88D72398-7C6F-472F-85E7-E8152B2C30B6}.Debug|ARM64.ActiveCfg = Debug|Any CPU
		{88D72398-7C6F-472F-85E7-E8152B2C30B6}.Debug|ARM64.Build.0 = Debug|Any CPU
		{88D72398-7C6F-472F-85E7-E8152B2C30B6}.Debug|x64.ActiveCfg = Debug|Any CPU
		{88D72398-7C6F-472F-85E7-E8152B2C30B6}.Debug|x64.Build.0 = Debug|Any CPU
		{88D72398-7C6F-472F-85E7-E8152B2C30B6}.Debug|x86.ActiveCfg = Debug|Any CPU
		{88D72398-7C6F-472F-85E7-E8152B2C30B6}.Debug|x86.Build.0 = Debug|Any CPU
		{88D72398-7C6F-472F-85E7-E8152B2C30B6}.Release|Any CPU.ActiveCfg = Release|Any CPU
		{88D72398-7C6F-472F-85E7-E8152B2C30B6}.Release|Any CPU.Build.0 = Release|Any CPU
		{88D72398-7C6F-472F-85E7-E8152B2C30B6}.Release|ARM.ActiveCfg = Release|Any CPU
		{88D72398-7C6F-472F-85E7-E8152B2C30B6}.Release|ARM.Build.0 = Release|Any CPU
		{88D72398-7C6F-472F-85E7-E8152B2C30B6}.Release|ARM64.ActiveCfg = Release|Any CPU
		{88D72398-7C6F-472F-85E7-E8152B2C30B6}.Release|ARM64.Build.0 = Release|Any CPU
		{88D72398-7C6F-472F-85E7-E8152B2C30B6}.Release|x64.ActiveCfg = Release|Any CPU
		{88D72398-7C6F-472F-85E7-E8152B2C30B6}.Release|x64.Build.0 = Release|Any CPU
		{88D72398-7C6F-472F-85E7-E8152B2C30B6}.Release|x86.ActiveCfg = Release|Any CPU
		{88D72398-7C6F-472F-85E7-E8152B2C30B6}.Release|x86.Build.0 = Release|Any CPU
		{21A27B21-97D1-45B3-A5B8-B813A7064F99}.Debug|Any CPU.ActiveCfg = Debug|Any CPU
		{21A27B21-97D1-45B3-A5B8-B813A7064F99}.Debug|Any CPU.Build.0 = Debug|Any CPU
		{21A27B21-97D1-45B3-A5B8-B813A7064F99}.Debug|ARM.ActiveCfg = Debug|Any CPU
		{21A27B21-97D1-45B3-A5B8-B813A7064F99}.Debug|ARM.Build.0 = Debug|Any CPU
		{21A27B21-97D1-45B3-A5B8-B813A7064F99}.Debug|ARM64.ActiveCfg = Debug|Any CPU
		{21A27B21-97D1-45B3-A5B8-B813A7064F99}.Debug|ARM64.Build.0 = Debug|Any CPU
		{21A27B21-97D1-45B3-A5B8-B813A7064F99}.Debug|x64.ActiveCfg = Debug|Any CPU
		{21A27B21-97D1-45B3-A5B8-B813A7064F99}.Debug|x64.Build.0 = Debug|Any CPU
		{21A27B21-97D1-45B3-A5B8-B813A7064F99}.Debug|x86.ActiveCfg = Debug|Any CPU
		{21A27B21-97D1-45B3-A5B8-B813A7064F99}.Debug|x86.Build.0 = Debug|Any CPU
		{21A27B21-97D1-45B3-A5B8-B813A7064F99}.Release|Any CPU.ActiveCfg = Release|Any CPU
		{21A27B21-97D1-45B3-A5B8-B813A7064F99}.Release|Any CPU.Build.0 = Release|Any CPU
		{21A27B21-97D1-45B3-A5B8-B813A7064F99}.Release|ARM.ActiveCfg = Release|Any CPU
		{21A27B21-97D1-45B3-A5B8-B813A7064F99}.Release|ARM.Build.0 = Release|Any CPU
		{21A27B21-97D1-45B3-A5B8-B813A7064F99}.Release|ARM64.ActiveCfg = Release|Any CPU
		{21A27B21-97D1-45B3-A5B8-B813A7064F99}.Release|ARM64.Build.0 = Release|Any CPU
		{21A27B21-97D1-45B3-A5B8-B813A7064F99}.Release|x64.ActiveCfg = Release|Any CPU
		{21A27B21-97D1-45B3-A5B8-B813A7064F99}.Release|x64.Build.0 = Release|Any CPU
		{21A27B21-97D1-45B3-A5B8-B813A7064F99}.Release|x86.ActiveCfg = Release|Any CPU
		{21A27B21-97D1-45B3-A5B8-B813A7064F99}.Release|x86.Build.0 = Release|Any CPU
	EndGlobalSection
	GlobalSection(SolutionProperties) = preSolution
		HideSolutionNode = FALSE
	EndGlobalSection
	GlobalSection(ExtensibilityGlobals) = postSolution
		SolutionGuid = {CB47C864-C630-4EEB-9FF7-9572C11CAE49}
	EndGlobalSection
EndGlobal
